
Microsoft Visual Studio Solution File, Format Version 12.00
# Visual Studio 15
VisualStudioVersion = 15.0.27004.2005
MinimumVisualStudioVersion = 10.0.40219.1
Project("{888888A0-9F3D-457C-B088-3A5042F75D52}") = "mva4_DT2", "mva4_DT2\mva4_DT2.pyproj", "{706A7ADB-B94F-4D65-BC1F-39E68E81EBB0}"
EndProject
Global
	GlobalSection(SolutionConfigurationPlatforms) = preSolution
		Debug|Any CPU = Debug|Any CPU
		Release|Any CPU = Release|Any CPU
	EndGlobalSection
	GlobalSection(ProjectConfigurationPlatforms) = postSolution
		{706A7ADB-B94F-4D65-BC1F-39E68E81EBB0}.Debug|Any CPU.ActiveCfg = Debug|Any CPU
		{706A7ADB-B94F-4D65-BC1F-39E68E81EBB0}.Release|Any CPU.ActiveCfg = Release|Any CPU
	EndGlobalSection
	GlobalSection(SolutionProperties) = preSolution
		HideSolutionNode = FALSE
	EndGlobalSection
	GlobalSection(ExtensibilityGlobals) = postSolution
		SolutionGuid = {0DB29B24-6C53-45B5-A746-79F82378E280}
	EndGlobalSection
EndGlobal
