
Microsoft Visual Studio Solution File, Format Version 12.00
# Visual Studio 15
VisualStudioVersion = 15.0.27004.2005
MinimumVisualStudioVersion = 10.0.40219.1
Project("{888888A0-9F3D-457C-B088-3A5042F75D52}") = "mva9_Lists", "mva9_Lists\mva9_Lists.pyproj", "{75AEDCF3-5AF8-4BF5-AD6E-7BC191F1AFED}"
EndProject
Global
	GlobalSection(SolutionConfigurationPlatforms) = preSolution
		Debug|Any CPU = Debug|Any CPU
		Release|Any CPU = Release|Any CPU
	EndGlobalSection
	GlobalSection(ProjectConfigurationPlatforms) = postSolution
		{75AEDCF3-5AF8-4BF5-AD6E-7BC191F1AFED}.Debug|Any CPU.ActiveCfg = Debug|Any CPU
		{75AEDCF3-5AF8-4BF5-AD6E-7BC191F1AFED}.Release|Any CPU.ActiveCfg = Release|Any CPU
	EndGlobalSection
	GlobalSection(SolutionProperties) = preSolution
		HideSolutionNode = FALSE
	EndGlobalSection
	GlobalSection(ExtensibilityGlobals) = postSolution
		SolutionGuid = {F5C8060C-0DFF-4E9F-91AC-6C055D747A2D}
	EndGlobalSection
EndGlobal
