
Microsoft Visual Studio Solution File, Format Version 12.00
# Visual Studio 15
VisualStudioVersion = 15.0.27004.2005
MinimumVisualStudioVersion = 10.0.40219.1
Project("{888888A0-9F3D-457C-B088-3A5042F75D52}") = "mva12_Functions_Challenge", "mva12_Functions_Challenge\mva12_Functions_Challenge.pyproj", "{2B9E262D-93F7-4531-8D83-D7DAC2A7A732}"
EndProject
Global
	GlobalSection(SolutionConfigurationPlatforms) = preSolution
		Debug|Any CPU = Debug|Any CPU
		Release|Any CPU = Release|Any CPU
	EndGlobalSection
	GlobalSection(ProjectConfigurationPlatforms) = postSolution
		{2B9E262D-93F7-4531-8D83-D7DAC2A7A732}.Debug|Any CPU.ActiveCfg = Debug|Any CPU
		{2B9E262D-93F7-4531-8D83-D7DAC2A7A732}.Release|Any CPU.ActiveCfg = Release|Any CPU
	EndGlobalSection
	GlobalSection(SolutionProperties) = preSolution
		HideSolutionNode = FALSE
	EndGlobalSection
	GlobalSection(ExtensibilityGlobals) = postSolution
		SolutionGuid = {9680F83D-DA48-43BC-B37E-876ABD5E39B4}
	EndGlobalSection
EndGlobal
