
Microsoft Visual Studio Solution File, Format Version 12.00
# Visual Studio 15
VisualStudioVersion = 15.0.27004.2005
MinimumVisualStudioVersion = 10.0.40219.1
Project("{888888A0-9F3D-457C-B088-3A5042F75D52}") = "Class1-printText", "Class1-printText\Class1-printText.pyproj", "{C181DB2D-A418-4A5C-A697-DEF28B8264EF}"
EndProject
Global
	GlobalSection(SolutionConfigurationPlatforms) = preSolution
		Debug|Any CPU = Debug|Any CPU
		Release|Any CPU = Release|Any CPU
	EndGlobalSection
	GlobalSection(ProjectConfigurationPlatforms) = postSolution
		{C181DB2D-A418-4A5C-A697-DEF28B8264EF}.Debug|Any CPU.ActiveCfg = Debug|Any CPU
		{C181DB2D-A418-4A5C-A697-DEF28B8264EF}.Release|Any CPU.ActiveCfg = Release|Any CPU
	EndGlobalSection
	GlobalSection(SolutionProperties) = preSolution
		HideSolutionNode = FALSE
	EndGlobalSection
	GlobalSection(ExtensibilityGlobals) = postSolution
		SolutionGuid = {BD60BFE9-002F-46D3-806B-D7E808DA3958}
	EndGlobalSection
EndGlobal
